
Microsoft Visual Studio Solution File, Format Version 12.00
Project("{FAE04EC0-301F-11D3-BF4B-00C04F79EFBC}") = "RecipeMaker", "RecipeMaker\RecipeMaker.csproj", "{2C5C7FF9-51C2-49C1-A1BA-779F9C9A4921}"
EndProject
Global
	GlobalSection(SolutionConfigurationPlatforms) = preSolution
		Debug|Any CPU = Debug|Any CPU
		Release|Any CPU = Release|Any CPU
	EndGlobalSection
	GlobalSection(ProjectConfigurationPlatforms) = postSolution
		{2C5C7FF9-51C2-49C1-A1BA-779F9C9A4921}.Debug|Any CPU.ActiveCfg = Debug|Any CPU
		{2C5C7FF9-51C2-49C1-A1BA-779F9C9A4921}.Debug|Any CPU.Build.0 = Debug|Any CPU
		{2C5C7FF9-51C2-49C1-A1BA-779F9C9A4921}.Release|Any CPU.ActiveCfg = Release|Any CPU
		{2C5C7FF9-51C2-49C1-A1BA-779F9C9A4921}.Release|Any CPU.Build.0 = Release|Any CPU
	EndGlobalSection
EndGlobal
